{
  "version": 4,
  "terraform_version": "1.13.3",
  "serial": 103,
  "lineage": "1076bab0-0090-682c-5c6e-51ab3b05c379",
  "outputs": {},
  "resources": [
    {
      "module": "module.StorageAccount",
      "mode": "managed",
      "type": "azurerm_storage_account",
      "name": "storage_account",
      "provider": "provider[\"registry.terraform.io/hashicorp/azurerm\"]",
      "instances": [
        {
          "schema_version": 4,
          "attributes": {
            "access_tier": "Hot",
            "account_kind": "StorageV2",
            "account_replication_type": "LRS",
            "account_tier": "Standard",
            "allow_nested_items_to_be_public": true,
            "allowed_copy_scope": "",
            "azure_files_authentication": [],
            "blob_properties": [
              {
                "change_feed_enabled": false,
                "change_feed_retention_in_days": 0,
                "container_delete_retention_policy": [],
                "cors_rule": [],
                "default_service_version": "",
                "delete_retention_policy": [],
                "last_access_time_enabled": false,
                "restore_policy": [],
                "versioning_enabled": false
              }
            ],
            "cross_tenant_replication_enabled": false,
            "custom_domain": [],
            "customer_managed_key": [],
            "default_to_oauth_authentication": false,
            "dns_endpoint_type": "Standard",
            "edge_zone": "",
            "https_traffic_only_enabled": true,
            "id": "/subscriptions/2ab4f266-3113-46c7-9a11-16bcb8ae5659/resourceGroups/app-grp/providers/Microsoft.Storage/storageAccounts/appstore374717",
            "identity": [],
            "immutability_policy": [],
            "infrastructure_encryption_enabled": false,
            "is_hns_enabled": false,
            "large_file_share_enabled": false,
            "local_user_enabled": true,
            "location": "uksouth",
            "min_tls_version": "TLS1_2",
            "name": "appstore374717",
            "network_rules": [],
            "nfsv3_enabled": false,
            "primary_access_key": "+4e+C/Em0vSiYG+RpYiQKhPkbVJbktkXAeeZZJkIH6lhj9+aZUDPotsa1x1XxjPf/zqiYS+l4e4n+AStpqbRDg==",
            "primary_blob_connection_string": "DefaultEndpointsProtocol=https;BlobEndpoint=https://appstore374717.blob.core.windows.net/;AccountName=appstore374717;AccountKey=+4e+C/Em0vSiYG+RpYiQKhPkbVJbktkXAeeZZJkIH6lhj9+aZUDPotsa1x1XxjPf/zqiYS+l4e4n+AStpqbRDg==",
            "primary_blob_endpoint": "https://appstore374717.blob.core.windows.net/",
            "primary_blob_host": "appstore374717.blob.core.windows.net",
            "primary_blob_internet_endpoint": "",
            "primary_blob_internet_host": "",
            "primary_blob_microsoft_endpoint": "",
            "primary_blob_microsoft_host": "",
            "primary_connection_string": "DefaultEndpointsProtocol=https;AccountName=appstore374717;AccountKey=+4e+C/Em0vSiYG+RpYiQKhPkbVJbktkXAeeZZJkIH6lhj9+aZUDPotsa1x1XxjPf/zqiYS+l4e4n+AStpqbRDg==;EndpointSuffix=core.windows.net",
            "primary_dfs_endpoint": "https://appstore374717.dfs.core.windows.net/",
            "primary_dfs_host": "appstore374717.dfs.core.windows.net",
            "primary_dfs_internet_endpoint": "",
            "primary_dfs_internet_host": "",
            "primary_dfs_microsoft_endpoint": "",
            "primary_dfs_microsoft_host": "",
            "primary_file_endpoint": "https://appstore374717.file.core.windows.net/",
            "primary_file_host": "appstore374717.file.core.windows.net",
            "primary_file_internet_endpoint": "",
            "primary_file_internet_host": "",
            "primary_file_microsoft_endpoint": "",
            "primary_file_microsoft_host": "",
            "primary_location": "uksouth",
            "primary_queue_endpoint": "https://appstore374717.queue.core.windows.net/",
            "primary_queue_host": "appstore374717.queue.core.windows.net",
            "primary_queue_microsoft_endpoint": "",
            "primary_queue_microsoft_host": "",
            "primary_table_endpoint": "https://appstore374717.table.core.windows.net/",
            "primary_table_host": "appstore374717.table.core.windows.net",
            "primary_table_microsoft_endpoint": "",
            "primary_table_microsoft_host": "",
            "primary_web_endpoint": "https://appstore374717.z33.web.core.windows.net/",
            "primary_web_host": "appstore374717.z33.web.core.windows.net",
            "primary_web_internet_endpoint": "",
            "primary_web_internet_host": "",
            "primary_web_microsoft_endpoint": "",
            "primary_web_microsoft_host": "",
            "public_network_access_enabled": true,
            "queue_encryption_key_type": "Service",
            "queue_properties": [
              {
                "cors_rule": [],
                "hour_metrics": [
                  {
                    "enabled": false,
                    "include_apis": false,
                    "retention_policy_days": 0,
                    "version": "1.0"
                  }
                ],
                "logging": [
                  {
                    "delete": false,
                    "read": false,
                    "retention_policy_days": 0,
                    "version": "1.0",
                    "write": false
                  }
                ],
                "minute_metrics": [
                  {
                    "enabled": false,
                    "include_apis": false,
                    "retention_policy_days": 0,
                    "version": "1.0"
                  }
                ]
              }
            ],
            "resource_group_name": "app-grp",
            "routing": [],
            "sas_policy": [],
            "secondary_access_key": "uCbZB1lZ3u02zhz6REZO9P2QNC8ffrw2Go0QD3QeY8omq9zHuCa/7X1Bo2mRORffmfZSZ2jX2/QE+AStcGPTNw==",
            "secondary_blob_connection_string": "",
            "secondary_blob_endpoint": "",
            "secondary_blob_host": "",
            "secondary_blob_internet_endpoint": "",
            "secondary_blob_internet_host": "",
            "secondary_blob_microsoft_endpoint": "",
            "secondary_blob_microsoft_host": "",
            "secondary_connection_string": "DefaultEndpointsProtocol=https;AccountName=appstore374717;AccountKey=uCbZB1lZ3u02zhz6REZO9P2QNC8ffrw2Go0QD3QeY8omq9zHuCa/7X1Bo2mRORffmfZSZ2jX2/QE+AStcGPTNw==;EndpointSuffix=core.windows.net",
            "secondary_dfs_endpoint": "",
            "secondary_dfs_host": "",
            "secondary_dfs_internet_endpoint": "",
            "secondary_dfs_internet_host": "",
            "secondary_dfs_microsoft_endpoint": "",
            "secondary_dfs_microsoft_host": "",
            "secondary_file_endpoint": "",
            "secondary_file_host": "",
            "secondary_file_internet_endpoint": "",
            "secondary_file_internet_host": "",
            "secondary_file_microsoft_endpoint": "",
            "secondary_file_microsoft_host": "",
            "secondary_location": "",
            "secondary_queue_endpoint": "",
            "secondary_queue_host": "",
            "secondary_queue_microsoft_endpoint": "",
            "secondary_queue_microsoft_host": "",
            "secondary_table_endpoint": "",
            "secondary_table_host": "",
            "secondary_table_microsoft_endpoint": "",
            "secondary_table_microsoft_host": "",
            "secondary_web_endpoint": "",
            "secondary_web_host": "",
            "secondary_web_internet_endpoint": "",
            "secondary_web_internet_host": "",
            "secondary_web_microsoft_endpoint": "",
            "secondary_web_microsoft_host": "",
            "sftp_enabled": false,
            "share_properties": [
              {
                "cors_rule": [],
                "retention_policy": [
                  {
                    "days": 7
                  }
                ],
                "smb": []
              }
            ],
            "shared_access_key_enabled": true,
            "static_website": [],
            "table_encryption_key_type": "Service",
            "tags": {},
            "timeouts": null
          },
          "sensitive_attributes": [
            [
              {
                "type": "get_attr",
                "value": "primary_access_key"
              }
            ],
            [
              {
                "type": "get_attr",
                "value": "primary_blob_connection_string"
              }
            ],
            [
              {
                "type": "get_attr",
                "value": "primary_connection_string"
              }
            ],
            [
              {
                "type": "get_attr",
                "value": "secondary_access_key"
              }
            ],
            [
              {
                "type": "get_attr",
                "value": "secondary_blob_connection_string"
              }
            ],
            [
              {
                "type": "get_attr",
                "value": "secondary_connection_string"
              }
            ]
          ],
          "identity_schema_version": 0,
          "private": "eyJlMmJmYjczMC1lY2FhLTExZTYtOGY4OC0zNDM2M2JjN2M0YzAiOnsiY3JlYXRlIjozNjAwMDAwMDAwMDAwLCJkZWxldGUiOjM2MDAwMDAwMDAwMDAsInJlYWQiOjMwMDAwMDAwMDAwMCwidXBkYXRlIjozNjAwMDAwMDAwMDAwfSwic2NoZW1hX3ZlcnNpb24iOiI0In0=",
          "dependencies": [
            "module.StorageAccount.random_integer.storage_account_suffix",
            "module.resourcegroup.azurerm_resource_group.appgrp"
          ]
        }
      ]
    },
    {
      "module": "module.StorageAccount",
      "mode": "managed",
      "type": "azurerm_storage_blob",
      "name": "blobs",
      "provider": "provider[\"registry.terraform.io/hashicorp/azurerm\"]",
      "instances": [
        {
          "index_key": "install_web_images.sh",
          "schema_version": 1,
          "attributes": {
            "access_tier": "Hot",
            "cache_control": "",
            "content_md5": "",
            "content_type": "application/octet-stream",
            "encryption_scope": "",
            "id": "https://appstore374717.blob.core.windows.net/scripts/install_web_images.sh",
            "metadata": {},
            "name": "install_web_images.sh",
            "parallelism": 8,
            "size": 0,
            "source": "./modules/Compute/VirtualMachines/install_web_images.sh",
            "source_content": null,
            "source_uri": null,
            "storage_account_name": "appstore374717",
            "storage_container_name": "scripts",
            "timeouts": null,
            "type": "Block",
            "url": "https://appstore374717.blob.core.windows.net/scripts/install_web_images.sh"
          },
          "sensitive_attributes": [],
          "identity_schema_version": 0,
          "private": "eyJlMmJmYjczMC1lY2FhLTExZTYtOGY4OC0zNDM2M2JjN2M0YzAiOnsiY3JlYXRlIjoxODAwMDAwMDAwMDAwLCJkZWxldGUiOjE4MDAwMDAwMDAwMDAsInJlYWQiOjMwMDAwMDAwMDAwMCwidXBkYXRlIjoxODAwMDAwMDAwMDAwfSwic2NoZW1hX3ZlcnNpb24iOiIxIn0=",
          "dependencies": [
            "module.StorageAccount.azurerm_storage_account.storage_account",
            "module.StorageAccount.random_integer.storage_account_suffix",
            "module.resourcegroup.azurerm_resource_group.appgrp"
          ]
        },
        {
          "index_key": "install_web_videos.sh",
          "schema_version": 1,
          "attributes": {
            "access_tier": "Hot",
            "cache_control": "",
            "content_md5": "",
            "content_type": "application/octet-stream",
            "encryption_scope": "",
            "id": "https://appstore374717.blob.core.windows.net/scripts/install_web_videos.sh",
            "metadata": {},
            "name": "install_web_videos.sh",
            "parallelism": 8,
            "size": 0,
            "source": "./modules/Compute/VirtualMachines/install_web_videos.sh",
            "source_content": null,
            "source_uri": null,
            "storage_account_name": "appstore374717",
            "storage_container_name": "scripts",
            "timeouts": null,
            "type": "Block",
            "url": "https://appstore374717.blob.core.windows.net/scripts/install_web_videos.sh"
          },
          "sensitive_attributes": [],
          "identity_schema_version": 0,
          "private": "eyJlMmJmYjczMC1lY2FhLTExZTYtOGY4OC0zNDM2M2JjN2M0YzAiOnsiY3JlYXRlIjoxODAwMDAwMDAwMDAwLCJkZWxldGUiOjE4MDAwMDAwMDAwMDAsInJlYWQiOjMwMDAwMDAwMDAwMCwidXBkYXRlIjoxODAwMDAwMDAwMDAwfSwic2NoZW1hX3ZlcnNpb24iOiIxIn0=",
          "dependencies": [
            "module.StorageAccount.azurerm_storage_account.storage_account",
            "module.StorageAccount.random_integer.storage_account_suffix",
            "module.resourcegroup.azurerm_resource_group.appgrp"
          ]
        }
      ]
    },
    {
      "module": "module.StorageAccount",
      "mode": "managed",
      "type": "azurerm_storage_container",
      "name": "container",
      "provider": "provider[\"registry.terraform.io/hashicorp/azurerm\"]",
      "instances": [
        {
          "index_key": "data",
          "schema_version": 1,
          "attributes": {
            "container_access_type": "blob",
            "default_encryption_scope": "$account-encryption-key",
            "encryption_scope_override_enabled": true,
            "has_immutability_policy": false,
            "has_legal_hold": false,
            "id": "/subscriptions/2ab4f266-3113-46c7-9a11-16bcb8ae5659/resourceGroups/app-grp/providers/Microsoft.Storage/storageAccounts/appstore374717/blobServices/default/containers/data",
            "metadata": {},
            "name": "data",
            "resource_manager_id": "/subscriptions/2ab4f266-3113-46c7-9a11-16bcb8ae5659/resourceGroups/app-grp/providers/Microsoft.Storage/storageAccounts/appstore374717/blobServices/default/containers/data",
            "storage_account_id": "/subscriptions/2ab4f266-3113-46c7-9a11-16bcb8ae5659/resourceGroups/app-grp/providers/Microsoft.Storage/storageAccounts/appstore374717",
            "storage_account_name": null,
            "timeouts": null
          },
          "sensitive_attributes": [],
          "identity_schema_version": 0,
          "private": "eyJlMmJmYjczMC1lY2FhLTExZTYtOGY4OC0zNDM2M2JjN2M0YzAiOnsiY3JlYXRlIjoxODAwMDAwMDAwMDAwLCJkZWxldGUiOjE4MDAwMDAwMDAwMDAsInJlYWQiOjMwMDAwMDAwMDAwMCwidXBkYXRlIjoxODAwMDAwMDAwMDAwfSwic2NoZW1hX3ZlcnNpb24iOiIxIn0=",
          "dependencies": [
            "module.StorageAccount.azurerm_storage_account.storage_account",
            "module.StorageAccount.random_integer.storage_account_suffix",
            "module.resourcegroup.azurerm_resource_group.appgrp"
          ]
        },
        {
          "index_key": "scripts",
          "schema_version": 1,
          "attributes": {
            "container_access_type": "blob",
            "default_encryption_scope": "$account-encryption-key",
            "encryption_scope_override_enabled": true,
            "has_immutability_policy": false,
            "has_legal_hold": false,
            "id": "/subscriptions/2ab4f266-3113-46c7-9a11-16bcb8ae5659/resourceGroups/app-grp/providers/Microsoft.Storage/storageAccounts/appstore374717/blobServices/default/containers/scripts",
            "metadata": {},
            "name": "scripts",
            "resource_manager_id": "/subscriptions/2ab4f266-3113-46c7-9a11-16bcb8ae5659/resourceGroups/app-grp/providers/Microsoft.Storage/storageAccounts/appstore374717/blobServices/default/containers/scripts",
            "storage_account_id": "/subscriptions/2ab4f266-3113-46c7-9a11-16bcb8ae5659/resourceGroups/app-grp/providers/Microsoft.Storage/storageAccounts/appstore374717",
            "storage_account_name": null,
            "timeouts": null
          },
          "sensitive_attributes": [],
          "identity_schema_version": 0,
          "private": "eyJlMmJmYjczMC1lY2FhLTExZTYtOGY4OC0zNDM2M2JjN2M0YzAiOnsiY3JlYXRlIjoxODAwMDAwMDAwMDAwLCJkZWxldGUiOjE4MDAwMDAwMDAwMDAsInJlYWQiOjMwMDAwMDAwMDAwMCwidXBkYXRlIjoxODAwMDAwMDAwMDAwfSwic2NoZW1hX3ZlcnNpb24iOiIxIn0=",
          "dependencies": [
            "module.StorageAccount.azurerm_storage_account.storage_account",
            "module.StorageAccount.random_integer.storage_account_suffix",
            "module.resourcegroup.azurerm_resource_group.appgrp"
          ]
        }
      ]
    },
    {
      "module": "module.StorageAccount",
      "mode": "managed",
      "type": "random_integer",
      "name": "storage_account_suffix",
      "provider": "provider[\"registry.terraform.io/hashicorp/random\"]",
      "instances": [
        {
          "schema_version": 0,
          "attributes": {
            "id": "374717",
            "keepers": null,
            "max": 999999,
            "min": 100000,
            "result": 374717,
            "seed": null
          },
          "sensitive_attributes": [],
          "identity_schema_version": 0,
          "dependencies": [
            "module.resourcegroup.azurerm_resource_group.appgrp"
          ]
        }
      ]
    },
    {
      "module": "module.VirtualMachines",
      "mode": "data",
      "type": "azurerm_network_interface",
      "name": "networkinterface",
      "provider": "provider[\"registry.terraform.io/hashicorp/azurerm\"]",
      "instances": [
        {
          "index_key": "images-interface-01",
          "schema_version": 0,
          "attributes": {
            "accelerated_networking_enabled": false,
            "applied_dns_servers": [],
            "dns_servers": [],
            "id": "/subscriptions/2ab4f266-3113-46c7-9a11-16bcb8ae5659/resourceGroups/app-grp/providers/Microsoft.Network/networkInterfaces/images-interface-01",
            "internal_dns_name_label": "",
            "ip_configuration": [
              {
                "application_gateway_backend_address_pools_ids": [],
                "application_security_group_ids": [],
                "gateway_load_balancer_frontend_ip_configuration_id": "",
                "load_balancer_backend_address_pools_ids": [],
                "load_balancer_inbound_nat_rules_ids": [],
                "name": "internal",
                "primary": true,
                "private_ip_address": "10.0.0.4",
                "private_ip_address_allocation": "Dynamic",
                "private_ip_address_version": "IPv4",
                "public_ip_address_id": "",
                "subnet_id": "/subscriptions/2ab4f266-3113-46c7-9a11-16bcb8ae5659/resourceGroups/app-grp/providers/Microsoft.Network/virtualNetworks/app01-network/subnets/imagessubnet"
              }
            ],
            "ip_forwarding_enabled": false,
            "location": "uksouth",
            "mac_address": "60-45-BD-F2-1B-0E",
            "name": "images-interface-01",
            "network_security_group_id": "",
            "private_ip_address": "10.0.0.4",
            "private_ip_addresses": [
              "10.0.0.4"
            ],
            "resource_group_name": "app-grp",
            "tags": {},
            "timeouts": null,
            "virtual_machine_id": "/subscriptions/2ab4f266-3113-46c7-9a11-16bcb8ae5659/resourceGroups/app-grp/providers/Microsoft.Compute/virtualMachines/imagesvm01"
          },
          "sensitive_attributes": [],
          "identity_schema_version": 0
        },
        {
          "index_key": "videos-interface-01",
          "schema_version": 0,
          "attributes": {
            "accelerated_networking_enabled": false,
            "applied_dns_servers": [],
            "dns_servers": [],
            "id": "/subscriptions/2ab4f266-3113-46c7-9a11-16bcb8ae5659/resourceGroups/app-grp/providers/Microsoft.Network/networkInterfaces/videos-interface-01",
            "internal_dns_name_label": "",
            "ip_configuration": [
              {
                "application_gateway_backend_address_pools_ids": [],
                "application_security_group_ids": [],
                "gateway_load_balancer_frontend_ip_configuration_id": "",
                "load_balancer_backend_address_pools_ids": [],
                "load_balancer_inbound_nat_rules_ids": [],
                "name": "internal",
                "primary": true,
                "private_ip_address": "10.0.1.4",
                "private_ip_address_allocation": "Dynamic",
                "private_ip_address_version": "IPv4",
                "public_ip_address_id": "",
                "subnet_id": "/subscriptions/2ab4f266-3113-46c7-9a11-16bcb8ae5659/resourceGroups/app-grp/providers/Microsoft.Network/virtualNetworks/app01-network/subnets/videossubnet"
              }
            ],
            "ip_forwarding_enabled": false,
            "location": "uksouth",
            "mac_address": "00-22-48-40-88-7A",
            "name": "videos-interface-01",
            "network_security_group_id": "",
            "private_ip_address": "10.0.1.4",
            "private_ip_addresses": [
              "10.0.1.4"
            ],
            "resource_group_name": "app-grp",
            "tags": {},
            "timeouts": null,
            "virtual_machine_id": "/subscriptions/2ab4f266-3113-46c7-9a11-16bcb8ae5659/resourceGroups/app-grp/providers/Microsoft.Compute/virtualMachines/videosvm01"
          },
          "sensitive_attributes": [],
          "identity_schema_version": 0
        }
      ]
    },
    {
      "module": "module.VirtualMachines",
      "mode": "managed",
      "type": "azurerm_linux_virtual_machine",
      "name": "virtualmachines",
      "provider": "provider[\"registry.terraform.io/hashicorp/azurerm\"]",
      "instances": [
        {
          "index_key": "imagesvm01",
          "schema_version": 0,
          "attributes": {
            "additional_capabilities": [],
            "admin_password": "Azure@1234",
            "admin_ssh_key": [],
            "admin_username": "adminuser",
            "allow_extension_operations": true,
            "availability_set_id": "",
            "boot_diagnostics": [],
            "bypass_platform_safety_checks_on_user_schedule_enabled": false,
            "capacity_reservation_group_id": "",
            "computer_name": "imagesvm01",
            "custom_data": null,
            "dedicated_host_group_id": "",
            "dedicated_host_id": "",
            "disable_password_authentication": false,
            "disk_controller_type": "",
            "edge_zone": "",
            "encryption_at_host_enabled": false,
            "eviction_policy": "",
            "extensions_time_budget": "PT1H30M",
            "gallery_application": [],
            "id": "/subscriptions/2ab4f266-3113-46c7-9a11-16bcb8ae5659/resourceGroups/app-grp/providers/Microsoft.Compute/virtualMachines/imagesvm01",
            "identity": [],
            "license_type": "",
            "location": "uksouth",
            "max_bid_price": -1,
            "name": "imagesvm01",
            "network_interface_ids": [
              "/subscriptions/2ab4f266-3113-46c7-9a11-16bcb8ae5659/resourceGroups/app-grp/providers/Microsoft.Network/networkInterfaces/images-interface-01"
            ],
            "os_disk": [
              {
                "caching": "ReadWrite",
                "diff_disk_settings": [],
                "disk_encryption_set_id": "",
                "disk_size_gb": 30,
                "name": "imagesvm01_OsDisk_1_c4f72c8e2f3a4bc0877aa38dd836c342",
                "secure_vm_disk_encryption_set_id": "",
                "security_encryption_type": "",
                "storage_account_type": "Standard_LRS",
                "write_accelerator_enabled": false
              }
            ],
            "os_image_notification": [],
            "patch_assessment_mode": "ImageDefault",
            "patch_mode": "ImageDefault",
            "plan": [],
            "platform_fault_domain": -1,
            "priority": "Regular",
            "private_ip_address": "10.0.0.4",
            "private_ip_addresses": [
              "10.0.0.4"
            ],
            "provision_vm_agent": true,
            "proximity_placement_group_id": "",
            "public_ip_address": "",
            "public_ip_addresses": [],
            "reboot_setting": "",
            "resource_group_name": "app-grp",
            "secret": [],
            "secure_boot_enabled": false,
            "size": "Standard_B1s",
            "source_image_id": "",
            "source_image_reference": [
              {
                "offer": "0001-com-ubuntu-server-jammy",
                "publisher": "Canonical",
                "sku": "22_04-lts",
                "version": "latest"
              }
            ],
            "tags": {},
            "termination_notification": [],
            "timeouts": null,
            "user_data": "",
            "virtual_machine_id": "aa8275a8-2113-4e2c-bea5-c9e2da57b1d2",
            "virtual_machine_scale_set_id": "",
            "vm_agent_platform_updates_enabled": false,
            "vtpm_enabled": false,
            "zone": ""
          },
          "sensitive_attributes": [
            [
              {
                "type": "get_attr",
                "value": "admin_password"
              }
            ],
            [
              {
                "type": "get_attr",
                "value": "custom_data"
              }
            ]
          ],
          "identity_schema_version": 0,
          "private": "eyJlMmJmYjczMC1lY2FhLTExZTYtOGY4OC0zNDM2M2JjN2M0YzAiOnsiY3JlYXRlIjoyNzAwMDAwMDAwMDAwLCJkZWxldGUiOjI3MDAwMDAwMDAwMDAsInJlYWQiOjMwMDAwMDAwMDAwMCwidXBkYXRlIjoyNzAwMDAwMDAwMDAwfX0=",
          "dependencies": [
            "module.StorageAccount.azurerm_storage_account.storage_account",
            "module.StorageAccount.azurerm_storage_blob.blobs",
            "module.StorageAccount.azurerm_storage_container.container",
            "module.StorageAccount.random_integer.storage_account_suffix",
            "module.VirtualMachines.data.azurerm_network_interface.networkinterface",
            "module.network.azurerm_network_interface.network_interfaces",
            "module.network.azurerm_network_security_group.network_security_group",
            "module.network.azurerm_subnet.network_subnets",
            "module.network.azurerm_subnet_network_security_group_association.subnet_nsg",
            "module.network.azurerm_virtual_network.virtual_network",
            "module.resourcegroup.azurerm_resource_group.appgrp"
          ]
        },
        {
          "index_key": "videosvm01",
          "schema_version": 0,
          "attributes": {
            "additional_capabilities": [],
            "admin_password": "Azure@1234",
            "admin_ssh_key": [],
            "admin_username": "adminuser",
            "allow_extension_operations": true,
            "availability_set_id": "",
            "boot_diagnostics": [],
            "bypass_platform_safety_checks_on_user_schedule_enabled": false,
            "capacity_reservation_group_id": "",
            "computer_name": "videosvm01",
            "custom_data": null,
            "dedicated_host_group_id": "",
            "dedicated_host_id": "",
            "disable_password_authentication": false,
            "disk_controller_type": "",
            "edge_zone": "",
            "encryption_at_host_enabled": false,
            "eviction_policy": "",
            "extensions_time_budget": "PT1H30M",
            "gallery_application": [],
            "id": "/subscriptions/2ab4f266-3113-46c7-9a11-16bcb8ae5659/resourceGroups/app-grp/providers/Microsoft.Compute/virtualMachines/videosvm01",
            "identity": [],
            "license_type": "",
            "location": "uksouth",
            "max_bid_price": -1,
            "name": "videosvm01",
            "network_interface_ids": [
              "/subscriptions/2ab4f266-3113-46c7-9a11-16bcb8ae5659/resourceGroups/app-grp/providers/Microsoft.Network/networkInterfaces/videos-interface-01"
            ],
            "os_disk": [
              {
                "caching": "ReadWrite",
                "diff_disk_settings": [],
                "disk_encryption_set_id": "",
                "disk_size_gb": 30,
                "name": "videosvm01_disk1_9b1cc8bab55349909ef2b4afa6eca409",
                "secure_vm_disk_encryption_set_id": "",
                "security_encryption_type": "",
                "storage_account_type": "Standard_LRS",
                "write_accelerator_enabled": false
              }
            ],
            "os_image_notification": [],
            "patch_assessment_mode": "ImageDefault",
            "patch_mode": "ImageDefault",
            "plan": [],
            "platform_fault_domain": -1,
            "priority": "Regular",
            "private_ip_address": "10.0.1.4",
            "private_ip_addresses": [
              "10.0.1.4"
            ],
            "provision_vm_agent": true,
            "proximity_placement_group_id": "",
            "public_ip_address": "",
            "public_ip_addresses": [],
            "reboot_setting": "",
            "resource_group_name": "app-grp",
            "secret": [],
            "secure_boot_enabled": false,
            "size": "Standard_B1s",
            "source_image_id": "",
            "source_image_reference": [
              {
                "offer": "0001-com-ubuntu-server-jammy",
                "publisher": "Canonical",
                "sku": "22_04-lts",
                "version": "latest"
              }
            ],
            "tags": {},
            "termination_notification": [],
            "timeouts": null,
            "user_data": "",
            "virtual_machine_id": "b47d5562-0d54-4618-90d9-582230066eb7",
            "virtual_machine_scale_set_id": "",
            "vm_agent_platform_updates_enabled": false,
            "vtpm_enabled": false,
            "zone": ""
          },
          "sensitive_attributes": [
            [
              {
                "type": "get_attr",
                "value": "admin_password"
              }
            ],
            [
              {
                "type": "get_attr",
                "value": "custom_data"
              }
            ]
          ],
          "identity_schema_version": 0,
          "private": "eyJlMmJmYjczMC1lY2FhLTExZTYtOGY4OC0zNDM2M2JjN2M0YzAiOnsiY3JlYXRlIjoyNzAwMDAwMDAwMDAwLCJkZWxldGUiOjI3MDAwMDAwMDAwMDAsInJlYWQiOjMwMDAwMDAwMDAwMCwidXBkYXRlIjoyNzAwMDAwMDAwMDAwfX0=",
          "dependencies": [
            "module.StorageAccount.azurerm_storage_account.storage_account",
            "module.StorageAccount.azurerm_storage_blob.blobs",
            "module.StorageAccount.azurerm_storage_container.container",
            "module.StorageAccount.random_integer.storage_account_suffix",
            "module.VirtualMachines.data.azurerm_network_interface.networkinterface",
            "module.network.azurerm_network_interface.network_interfaces",
            "module.network.azurerm_network_security_group.network_security_group",
            "module.network.azurerm_subnet.network_subnets",
            "module.network.azurerm_subnet_network_security_group_association.subnet_nsg",
            "module.network.azurerm_virtual_network.virtual_network",
            "module.resourcegroup.azurerm_resource_group.appgrp"
          ]
        }
      ]
    },
    {
      "module": "module.VirtualMachines",
      "mode": "managed",
      "type": "azurerm_virtual_machine_extension",
      "name": "vmextension",
      "provider": "provider[\"registry.terraform.io/hashicorp/azurerm\"]",
      "instances": [
        {
          "index_key": "imagesvm01",
          "schema_version": 0,
          "attributes": {
            "auto_upgrade_minor_version": false,
            "automatic_upgrade_enabled": false,
            "failure_suppression_enabled": false,
            "id": "/subscriptions/2ab4f266-3113-46c7-9a11-16bcb8ae5659/resourceGroups/app-grp/providers/Microsoft.Compute/virtualMachines/imagesvm01/extensions/vmextension",
            "name": "vmextension",
            "protected_settings": null,
            "protected_settings_from_key_vault": [],
            "provision_after_extensions": [],
            "publisher": "Microsoft.Azure.Extensions",
            "settings": "{\"commandToExecute\":\"sh install_web_images.sh\",\"fileUris\":[\"https://appstore374717.blob.core.windows.net/scripts/install_web_images.sh\"]}",
            "tags": {},
            "timeouts": null,
            "type": "CustomScript",
            "type_handler_version": "2.0",
            "virtual_machine_id": "/subscriptions/2ab4f266-3113-46c7-9a11-16bcb8ae5659/resourceGroups/app-grp/providers/Microsoft.Compute/virtualMachines/imagesvm01"
          },
          "sensitive_attributes": [
            [
              {
                "type": "get_attr",
                "value": "protected_settings"
              }
            ]
          ],
          "identity_schema_version": 0,
          "private": "eyJlMmJmYjczMC1lY2FhLTExZTYtOGY4OC0zNDM2M2JjN2M0YzAiOnsiY3JlYXRlIjoxODAwMDAwMDAwMDAwLCJkZWxldGUiOjE4MDAwMDAwMDAwMDAsInJlYWQiOjMwMDAwMDAwMDAwMCwidXBkYXRlIjoxODAwMDAwMDAwMDAwfSwic2NoZW1hX3ZlcnNpb24iOiIwIn0=",
          "dependencies": [
            "module.StorageAccount.azurerm_storage_account.storage_account",
            "module.StorageAccount.azurerm_storage_blob.blobs",
            "module.StorageAccount.azurerm_storage_container.container",
            "module.StorageAccount.random_integer.storage_account_suffix",
            "module.VirtualMachines.azurerm_linux_virtual_machine.virtualmachines",
            "module.VirtualMachines.data.azurerm_network_interface.networkinterface",
            "module.network.azurerm_network_interface.network_interfaces",
            "module.network.azurerm_network_security_group.network_security_group",
            "module.network.azurerm_subnet.network_subnets",
            "module.network.azurerm_subnet_network_security_group_association.subnet_nsg",
            "module.network.azurerm_virtual_network.virtual_network",
            "module.resourcegroup.azurerm_resource_group.appgrp"
          ]
        },
        {
          "index_key": "videosvm01",
          "schema_version": 0,
          "attributes": {
            "auto_upgrade_minor_version": false,
            "automatic_upgrade_enabled": false,
            "failure_suppression_enabled": false,
            "id": "/subscriptions/2ab4f266-3113-46c7-9a11-16bcb8ae5659/resourceGroups/app-grp/providers/Microsoft.Compute/virtualMachines/videosvm01/extensions/vmextension",
            "name": "vmextension",
            "protected_settings": null,
            "protected_settings_from_key_vault": [],
            "provision_after_extensions": [],
            "publisher": "Microsoft.Azure.Extensions",
            "settings": "{\"commandToExecute\":\"sh install_web_videos.sh\",\"fileUris\":[\"https://appstore374717.blob.core.windows.net/scripts/install_web_videos.sh\"]}",
            "tags": {},
            "timeouts": null,
            "type": "CustomScript",
            "type_handler_version": "2.0",
            "virtual_machine_id": "/subscriptions/2ab4f266-3113-46c7-9a11-16bcb8ae5659/resourceGroups/app-grp/providers/Microsoft.Compute/virtualMachines/videosvm01"
          },
          "sensitive_attributes": [
            [
              {
                "type": "get_attr",
                "value": "protected_settings"
              }
            ]
          ],
          "identity_schema_version": 0,
          "private": "eyJlMmJmYjczMC1lY2FhLTExZTYtOGY4OC0zNDM2M2JjN2M0YzAiOnsiY3JlYXRlIjoxODAwMDAwMDAwMDAwLCJkZWxldGUiOjE4MDAwMDAwMDAwMDAsInJlYWQiOjMwMDAwMDAwMDAwMCwidXBkYXRlIjoxODAwMDAwMDAwMDAwfX0=",
          "dependencies": [
            "module.StorageAccount.azurerm_storage_account.storage_account",
            "module.StorageAccount.azurerm_storage_blob.blobs",
            "module.StorageAccount.azurerm_storage_container.container",
            "module.StorageAccount.random_integer.storage_account_suffix",
            "module.VirtualMachines.azurerm_linux_virtual_machine.virtualmachines",
            "module.VirtualMachines.data.azurerm_network_interface.networkinterface",
            "module.network.azurerm_network_interface.network_interfaces",
            "module.network.azurerm_network_security_group.network_security_group",
            "module.network.azurerm_subnet.network_subnets",
            "module.network.azurerm_subnet_network_security_group_association.subnet_nsg",
            "module.network.azurerm_virtual_network.virtual_network",
            "module.resourcegroup.azurerm_resource_group.appgrp"
          ]
        }
      ]
    },
    {
      "module": "module.applicationgateway",
      "mode": "data",
      "type": "azurerm_network_interface",
      "name": "networkinterface",
      "provider": "provider[\"registry.terraform.io/hashicorp/azurerm\"]",
      "instances": [
        {
          "index_key": "images-interface-01",
          "schema_version": 0,
          "attributes": {
            "accelerated_networking_enabled": false,
            "applied_dns_servers": [],
            "dns_servers": [],
            "id": "/subscriptions/2ab4f266-3113-46c7-9a11-16bcb8ae5659/resourceGroups/app-grp/providers/Microsoft.Network/networkInterfaces/images-interface-01",
            "internal_dns_name_label": "",
            "ip_configuration": [
              {
                "application_gateway_backend_address_pools_ids": [],
                "application_security_group_ids": [],
                "gateway_load_balancer_frontend_ip_configuration_id": "",
                "load_balancer_backend_address_pools_ids": [],
                "load_balancer_inbound_nat_rules_ids": [],
                "name": "internal",
                "primary": true,
                "private_ip_address": "10.0.0.4",
                "private_ip_address_allocation": "Dynamic",
                "private_ip_address_version": "IPv4",
                "public_ip_address_id": "",
                "subnet_id": "/subscriptions/2ab4f266-3113-46c7-9a11-16bcb8ae5659/resourceGroups/app-grp/providers/Microsoft.Network/virtualNetworks/app01-network/subnets/imagessubnet"
              }
            ],
            "ip_forwarding_enabled": false,
            "location": "uksouth",
            "mac_address": "60-45-BD-F2-1B-0E",
            "name": "images-interface-01",
            "network_security_group_id": "",
            "private_ip_address": "10.0.0.4",
            "private_ip_addresses": [
              "10.0.0.4"
            ],
            "resource_group_name": "app-grp",
            "tags": {},
            "timeouts": null,
            "virtual_machine_id": "/subscriptions/2ab4f266-3113-46c7-9a11-16bcb8ae5659/resourceGroups/app-grp/providers/Microsoft.Compute/virtualMachines/imagesvm01"
          },
          "sensitive_attributes": [],
          "identity_schema_version": 0
        },
        {
          "index_key": "videos-interface-01",
          "schema_version": 0,
          "attributes": {
            "accelerated_networking_enabled": false,
            "applied_dns_servers": [],
            "dns_servers": [],
            "id": "/subscriptions/2ab4f266-3113-46c7-9a11-16bcb8ae5659/resourceGroups/app-grp/providers/Microsoft.Network/networkInterfaces/videos-interface-01",
            "internal_dns_name_label": "",
            "ip_configuration": [
              {
                "application_gateway_backend_address_pools_ids": [],
                "application_security_group_ids": [],
                "gateway_load_balancer_frontend_ip_configuration_id": "",
                "load_balancer_backend_address_pools_ids": [],
                "load_balancer_inbound_nat_rules_ids": [],
                "name": "internal",
                "primary": true,
                "private_ip_address": "10.0.1.4",
                "private_ip_address_allocation": "Dynamic",
                "private_ip_address_version": "IPv4",
                "public_ip_address_id": "",
                "subnet_id": "/subscriptions/2ab4f266-3113-46c7-9a11-16bcb8ae5659/resourceGroups/app-grp/providers/Microsoft.Network/virtualNetworks/app01-network/subnets/videossubnet"
              }
            ],
            "ip_forwarding_enabled": false,
            "location": "uksouth",
            "mac_address": "00-22-48-40-88-7A",
            "name": "videos-interface-01",
            "network_security_group_id": "",
            "private_ip_address": "10.0.1.4",
            "private_ip_addresses": [
              "10.0.1.4"
            ],
            "resource_group_name": "app-grp",
            "tags": {},
            "timeouts": null,
            "virtual_machine_id": "/subscriptions/2ab4f266-3113-46c7-9a11-16bcb8ae5659/resourceGroups/app-grp/providers/Microsoft.Compute/virtualMachines/videosvm01"
          },
          "sensitive_attributes": [],
          "identity_schema_version": 0
        }
      ]
    },
    {
      "module": "module.applicationgateway",
      "mode": "managed",
      "type": "azurerm_application_gateway",
      "name": "appgateway",
      "provider": "provider[\"registry.terraform.io/hashicorp/azurerm\"]",
      "instances": [
        {
          "schema_version": 0,
          "attributes": {
            "authentication_certificate": [],
            "autoscale_configuration": [],
            "backend_address_pool": [
              {
                "fqdns": [],
                "id": "/subscriptions/2ab4f266-3113-46c7-9a11-16bcb8ae5659/resourceGroups/app-grp/providers/Microsoft.Network/applicationGateways/appgateway/backendAddressPools/images-pool",
                "ip_addresses": [
                  "10.0.0.4"
                ],
                "name": "images-pool"
              },
              {
                "fqdns": [],
                "id": "/subscriptions/2ab4f266-3113-46c7-9a11-16bcb8ae5659/resourceGroups/app-grp/providers/Microsoft.Network/applicationGateways/appgateway/backendAddressPools/videos-pool",
                "ip_addresses": [
                  "10.0.1.4"
                ],
                "name": "videos-pool"
              }
            ],
            "backend_http_settings": [
              {
                "affinity_cookie_name": "",
                "authentication_certificate": [],
                "connection_draining": [],
                "cookie_based_affinity": "Disabled",
                "host_name": "",
                "id": "/subscriptions/2ab4f266-3113-46c7-9a11-16bcb8ae5659/resourceGroups/app-grp/providers/Microsoft.Network/applicationGateways/appgateway/backendHttpSettingsCollection/backend-http-settings",
                "name": "backend-http-settings",
                "path": "",
                "pick_host_name_from_backend_address": false,
                "port": 80,
                "probe_id": "",
                "probe_name": "",
                "protocol": "Http",
                "request_timeout": 60,
                "trusted_root_certificate_names": []
              }
            ],
            "custom_error_configuration": [],
            "enable_http2": false,
            "fips_enabled": false,
            "firewall_policy_id": "",
            "force_firewall_policy_association": false,
            "frontend_ip_configuration": [
              {
                "id": "/subscriptions/2ab4f266-3113-46c7-9a11-16bcb8ae5659/resourceGroups/app-grp/providers/Microsoft.Network/applicationGateways/appgateway/frontendIPConfigurations/frontend-ip-config",
                "name": "frontend-ip-config",
                "private_ip_address": "",
                "private_ip_address_allocation": "Dynamic",
                "private_link_configuration_id": "",
                "private_link_configuration_name": "",
                "public_ip_address_id": "/subscriptions/2ab4f266-3113-46c7-9a11-16bcb8ae5659/resourceGroups/app-grp/providers/Microsoft.Network/publicIPAddresses/gateway-ip",
                "subnet_id": ""
              }
            ],
            "frontend_port": [
              {
                "id": "/subscriptions/2ab4f266-3113-46c7-9a11-16bcb8ae5659/resourceGroups/app-grp/providers/Microsoft.Network/applicationGateways/appgateway/frontendPorts/frontend-port",
                "name": "frontend-port",
                "port": 80
              }
            ],
            "gateway_ip_configuration": [
              {
                "id": "/subscriptions/2ab4f266-3113-46c7-9a11-16bcb8ae5659/resourceGroups/app-grp/providers/Microsoft.Network/applicationGateways/appgateway/gatewayIPConfigurations/gateway-ip-configuration",
                "name": "gateway-ip-configuration",
                "subnet_id": "/subscriptions/2ab4f266-3113-46c7-9a11-16bcb8ae5659/resourceGroups/app-grp/providers/Microsoft.Network/virtualNetworks/app01-network/subnets/app-gatewaysubnet"
              }
            ],
            "global": [],
            "http_listener": [
              {
                "custom_error_configuration": [],
                "firewall_policy_id": "",
                "frontend_ip_configuration_id": "/subscriptions/2ab4f266-3113-46c7-9a11-16bcb8ae5659/resourceGroups/app-grp/providers/Microsoft.Network/applicationGateways/appgateway/frontendIPConfigurations/frontend-ip-config",
                "frontend_ip_configuration_name": "frontend-ip-config",
                "frontend_port_id": "/subscriptions/2ab4f266-3113-46c7-9a11-16bcb8ae5659/resourceGroups/app-grp/providers/Microsoft.Network/applicationGateways/appgateway/frontendPorts/frontend-port",
                "frontend_port_name": "frontend-port",
                "host_name": "",
                "host_names": [],
                "id": "/subscriptions/2ab4f266-3113-46c7-9a11-16bcb8ae5659/resourceGroups/app-grp/providers/Microsoft.Network/applicationGateways/appgateway/httpListeners/gateway-listener",
                "name": "gateway-listener",
                "protocol": "Http",
                "require_sni": false,
                "ssl_certificate_id": "",
                "ssl_certificate_name": "",
                "ssl_profile_id": "",
                "ssl_profile_name": ""
              }
            ],
            "id": "/subscriptions/2ab4f266-3113-46c7-9a11-16bcb8ae5659/resourceGroups/app-grp/providers/Microsoft.Network/applicationGateways/appgateway",
            "identity": [],
            "location": "uksouth",
            "name": "appgateway",
            "private_endpoint_connection": [],
            "private_link_configuration": [],
            "probe": [],
            "redirect_configuration": [],
            "request_routing_rule": [
              {
                "backend_address_pool_id": "",
                "backend_address_pool_name": "",
                "backend_http_settings_id": "",
                "backend_http_settings_name": "",
                "http_listener_id": "/subscriptions/2ab4f266-3113-46c7-9a11-16bcb8ae5659/resourceGroups/app-grp/providers/Microsoft.Network/applicationGateways/appgateway/httpListeners/gateway-listener",
                "http_listener_name": "gateway-listener",
                "id": "/subscriptions/2ab4f266-3113-46c7-9a11-16bcb8ae5659/resourceGroups/app-grp/providers/Microsoft.Network/applicationGateways/appgateway/requestRoutingRules/RoutingRuleA",
                "name": "RoutingRuleA",
                "priority": 100,
                "redirect_configuration_id": "",
                "redirect_configuration_name": "",
                "rewrite_rule_set_id": "",
                "rewrite_rule_set_name": "",
                "rule_type": "PathBasedRouting",
                "url_path_map_id": "/subscriptions/2ab4f266-3113-46c7-9a11-16bcb8ae5659/resourceGroups/app-grp/providers/Microsoft.Network/applicationGateways/appgateway/urlPathMaps/RoutingPath",
                "url_path_map_name": "RoutingPath"
              }
            ],
            "resource_group_name": "app-grp",
            "rewrite_rule_set": [],
            "sku": [
              {
                "capacity": 2,
                "name": "Standard_v2",
                "tier": "Standard_v2"
              }
            ],
            "ssl_certificate": [],
            "ssl_policy": [
              {
                "cipher_suites": [],
                "disabled_protocols": [],
                "min_protocol_version": "",
                "policy_name": "AppGwSslPolicy20220101",
                "policy_type": "Predefined"
              }
            ],
            "ssl_profile": [],
            "tags": null,
            "timeouts": null,
            "trusted_client_certificate": [],
            "trusted_root_certificate": [],
            "url_path_map": [
              {
                "default_backend_address_pool_id": "/subscriptions/2ab4f266-3113-46c7-9a11-16bcb8ae5659/resourceGroups/app-grp/providers/Microsoft.Network/applicationGateways/appgateway/backendAddressPools/images-pool",
                "default_backend_address_pool_name": "images-pool",
                "default_backend_http_settings_id": "/subscriptions/2ab4f266-3113-46c7-9a11-16bcb8ae5659/resourceGroups/app-grp/providers/Microsoft.Network/applicationGateways/appgateway/backendHttpSettingsCollection/backend-http-settings",
                "default_backend_http_settings_name": "backend-http-settings",
                "default_redirect_configuration_id": "",
                "default_redirect_configuration_name": "",
                "default_rewrite_rule_set_id": "",
                "default_rewrite_rule_set_name": "",
                "id": "/subscriptions/2ab4f266-3113-46c7-9a11-16bcb8ae5659/resourceGroups/app-grp/providers/Microsoft.Network/applicationGateways/appgateway/urlPathMaps/RoutingPath",
                "name": "RoutingPath",
                "path_rule": [
                  {
                    "backend_address_pool_id": "/subscriptions/2ab4f266-3113-46c7-9a11-16bcb8ae5659/resourceGroups/app-grp/providers/Microsoft.Network/applicationGateways/appgateway/backendAddressPools/images-pool",
                    "backend_address_pool_name": "images-pool",
                    "backend_http_settings_id": "/subscriptions/2ab4f266-3113-46c7-9a11-16bcb8ae5659/resourceGroups/app-grp/providers/Microsoft.Network/applicationGateways/appgateway/backendHttpSettingsCollection/backend-http-settings",
                    "backend_http_settings_name": "backend-http-settings",
                    "firewall_policy_id": "",
                    "id": "/subscriptions/2ab4f266-3113-46c7-9a11-16bcb8ae5659/resourceGroups/app-grp/providers/Microsoft.Network/applicationGateways/appgateway/urlPathMaps/RoutingPath/pathRules/imagesRoutingPath",
                    "name": "imagesRoutingPath",
                    "paths": [
                      "/images/*"
                    ],
                    "redirect_configuration_id": "",
                    "redirect_configuration_name": "",
                    "rewrite_rule_set_id": "",
                    "rewrite_rule_set_name": ""
                  },
                  {
                    "backend_address_pool_id": "/subscriptions/2ab4f266-3113-46c7-9a11-16bcb8ae5659/resourceGroups/app-grp/providers/Microsoft.Network/applicationGateways/appgateway/backendAddressPools/videos-pool",
                    "backend_address_pool_name": "videos-pool",
                    "backend_http_settings_id": "/subscriptions/2ab4f266-3113-46c7-9a11-16bcb8ae5659/resourceGroups/app-grp/providers/Microsoft.Network/applicationGateways/appgateway/backendHttpSettingsCollection/backend-http-settings",
                    "backend_http_settings_name": "backend-http-settings",
                    "firewall_policy_id": "",
                    "id": "/subscriptions/2ab4f266-3113-46c7-9a11-16bcb8ae5659/resourceGroups/app-grp/providers/Microsoft.Network/applicationGateways/appgateway/urlPathMaps/RoutingPath/pathRules/videosRoutingPath",
                    "name": "videosRoutingPath",
                    "paths": [
                      "/videos/*"
                    ],
                    "redirect_configuration_id": "",
                    "redirect_configuration_name": "",
                    "rewrite_rule_set_id": "",
                    "rewrite_rule_set_name": ""
                  }
                ]
              }
            ],
            "waf_configuration": [],
            "zones": null
          },
          "sensitive_attributes": [],
          "identity_schema_version": 0,
          "private": "eyJlMmJmYjczMC1lY2FhLTExZTYtOGY4OC0zNDM2M2JjN2M0YzAiOnsiY3JlYXRlIjo1NDAwMDAwMDAwMDAwLCJkZWxldGUiOjU0MDAwMDAwMDAwMDAsInJlYWQiOjMwMDAwMDAwMDAwMCwidXBkYXRlIjo1NDAwMDAwMDAwMDAwfX0=",
          "dependencies": [
            "module.StorageAccount.azurerm_storage_account.storage_account",
            "module.StorageAccount.azurerm_storage_blob.blobs",
            "module.StorageAccount.azurerm_storage_container.container",
            "module.StorageAccount.random_integer.storage_account_suffix",
            "module.VirtualMachines.azurerm_linux_virtual_machine.virtualmachines",
            "module.VirtualMachines.azurerm_virtual_machine_extension.vmextension",
            "module.VirtualMachines.data.azurerm_network_interface.networkinterface",
            "module.applicationgateway.azurerm_public_ip.gateway_ip",
            "module.applicationgateway.azurerm_subnet.appgatewaysubnet",
            "module.applicationgateway.data.azurerm_network_interface.networkinterface",
            "module.network.azurerm_network_interface.network_interfaces",
            "module.network.azurerm_network_security_group.network_security_group",
            "module.network.azurerm_subnet.network_subnets",
            "module.network.azurerm_subnet_network_security_group_association.subnet_nsg",
            "module.network.azurerm_virtual_network.virtual_network",
            "module.resourcegroup.azurerm_resource_group.appgrp"
          ]
        }
      ]
    },
    {
      "module": "module.applicationgateway",
      "mode": "managed",
      "type": "azurerm_public_ip",
      "name": "gateway_ip",
      "provider": "provider[\"registry.terraform.io/hashicorp/azurerm\"]",
      "instances": [
        {
          "schema_version": 0,
          "attributes": {
            "allocation_method": "Static",
            "ddos_protection_mode": "VirtualNetworkInherited",
            "ddos_protection_plan_id": null,
            "domain_name_label": null,
            "domain_name_label_scope": null,
            "edge_zone": "",
            "fqdn": null,
            "id": "/subscriptions/2ab4f266-3113-46c7-9a11-16bcb8ae5659/resourceGroups/app-grp/providers/Microsoft.Network/publicIPAddresses/gateway-ip",
            "idle_timeout_in_minutes": 4,
            "ip_address": "51.140.104.43",
            "ip_tags": {},
            "ip_version": "IPv4",
            "location": "uksouth",
            "name": "gateway-ip",
            "public_ip_prefix_id": null,
            "resource_group_name": "app-grp",
            "reverse_fqdn": null,
            "sku": "Standard",
            "sku_tier": "Regional",
            "tags": {},
            "timeouts": null,
            "zones": []
          },
          "sensitive_attributes": [],
          "identity_schema_version": 0,
          "private": "eyJlMmJmYjczMC1lY2FhLTExZTYtOGY4OC0zNDM2M2JjN2M0YzAiOnsiY3JlYXRlIjoxODAwMDAwMDAwMDAwLCJkZWxldGUiOjE4MDAwMDAwMDAwMDAsInJlYWQiOjMwMDAwMDAwMDAwMCwidXBkYXRlIjoxODAwMDAwMDAwMDAwfX0=",
          "dependencies": [
            "module.StorageAccount.azurerm_storage_account.storage_account",
            "module.StorageAccount.azurerm_storage_blob.blobs",
            "module.StorageAccount.azurerm_storage_container.container",
            "module.StorageAccount.random_integer.storage_account_suffix",
            "module.VirtualMachines.azurerm_linux_virtual_machine.virtualmachines",
            "module.VirtualMachines.azurerm_virtual_machine_extension.vmextension",
            "module.VirtualMachines.data.azurerm_network_interface.networkinterface",
            "module.network.azurerm_network_interface.network_interfaces",
            "module.network.azurerm_network_security_group.network_security_group",
            "module.network.azurerm_subnet.network_subnets",
            "module.network.azurerm_subnet_network_security_group_association.subnet_nsg",
            "module.network.azurerm_virtual_network.virtual_network",
            "module.resourcegroup.azurerm_resource_group.appgrp"
          ]
        }
      ]
    },
    {
      "module": "module.applicationgateway",
      "mode": "managed",
      "type": "azurerm_subnet",
      "name": "appgatewaysubnet",
      "provider": "provider[\"registry.terraform.io/hashicorp/azurerm\"]",
      "instances": [
        {
          "schema_version": 0,
          "attributes": {
            "address_prefixes": [
              "10.0.10.0/24"
            ],
            "default_outbound_access_enabled": true,
            "delegation": [],
            "id": "/subscriptions/2ab4f266-3113-46c7-9a11-16bcb8ae5659/resourceGroups/app-grp/providers/Microsoft.Network/virtualNetworks/app01-network/subnets/app-gatewaysubnet",
            "name": "app-gatewaysubnet",
            "private_endpoint_network_policies": "Disabled",
            "private_link_service_network_policies_enabled": true,
            "resource_group_name": "app-grp",
            "service_endpoint_policy_ids": [],
            "service_endpoints": [],
            "timeouts": null,
            "virtual_network_name": "app01-network"
          },
          "sensitive_attributes": [],
          "identity_schema_version": 0,
          "private": "eyJlMmJmYjczMC1lY2FhLTExZTYtOGY4OC0zNDM2M2JjN2M0YzAiOnsiY3JlYXRlIjoxODAwMDAwMDAwMDAwLCJkZWxldGUiOjE4MDAwMDAwMDAwMDAsInJlYWQiOjMwMDAwMDAwMDAwMCwidXBkYXRlIjoxODAwMDAwMDAwMDAwfX0=",
          "dependencies": [
            "module.StorageAccount.azurerm_storage_account.storage_account",
            "module.StorageAccount.azurerm_storage_blob.blobs",
            "module.StorageAccount.azurerm_storage_container.container",
            "module.StorageAccount.random_integer.storage_account_suffix",
            "module.VirtualMachines.azurerm_linux_virtual_machine.virtualmachines",
            "module.VirtualMachines.azurerm_virtual_machine_extension.vmextension",
            "module.VirtualMachines.data.azurerm_network_interface.networkinterface",
            "module.network.azurerm_network_interface.network_interfaces",
            "module.network.azurerm_network_security_group.network_security_group",
            "module.network.azurerm_subnet.network_subnets",
            "module.network.azurerm_subnet_network_security_group_association.subnet_nsg",
            "module.network.azurerm_virtual_network.virtual_network",
            "module.resourcegroup.azurerm_resource_group.appgrp"
          ]
        }
      ]
    },
    {
      "module": "module.network",
      "mode": "managed",
      "type": "azurerm_network_interface",
      "name": "network_interfaces",
      "provider": "provider[\"registry.terraform.io/hashicorp/azurerm\"]",
      "instances": [
        {
          "index_key": "images-interface-01",
          "schema_version": 0,
          "attributes": {
            "accelerated_networking_enabled": false,
            "applied_dns_servers": [],
            "auxiliary_mode": "",
            "auxiliary_sku": "",
            "dns_servers": [],
            "edge_zone": "",
            "id": "/subscriptions/2ab4f266-3113-46c7-9a11-16bcb8ae5659/resourceGroups/app-grp/providers/Microsoft.Network/networkInterfaces/images-interface-01",
            "internal_dns_name_label": "",
            "internal_domain_name_suffix": "uipyatgct2junaj43hhzxauwbg.zx.internal.cloudapp.net",
            "ip_configuration": [
              {
                "gateway_load_balancer_frontend_ip_configuration_id": "",
                "name": "internal",
                "primary": true,
                "private_ip_address": "10.0.0.4",
                "private_ip_address_allocation": "Dynamic",
                "private_ip_address_version": "IPv4",
                "public_ip_address_id": "",
                "subnet_id": "/subscriptions/2ab4f266-3113-46c7-9a11-16bcb8ae5659/resourceGroups/app-grp/providers/Microsoft.Network/virtualNetworks/app01-network/subnets/imagessubnet"
              }
            ],
            "ip_forwarding_enabled": false,
            "location": "uksouth",
            "mac_address": "60-45-BD-F2-1B-0E",
            "name": "images-interface-01",
            "private_ip_address": "10.0.0.4",
            "private_ip_addresses": [
              "10.0.0.4"
            ],
            "resource_group_name": "app-grp",
            "tags": {},
            "timeouts": null,
            "virtual_machine_id": "/subscriptions/2ab4f266-3113-46c7-9a11-16bcb8ae5659/resourceGroups/app-grp/providers/Microsoft.Compute/virtualMachines/imagesvm01"
          },
          "sensitive_attributes": [],
          "identity_schema_version": 0,
          "private": "eyJlMmJmYjczMC1lY2FhLTExZTYtOGY4OC0zNDM2M2JjN2M0YzAiOnsiY3JlYXRlIjoxODAwMDAwMDAwMDAwLCJkZWxldGUiOjE4MDAwMDAwMDAwMDAsInJlYWQiOjMwMDAwMDAwMDAwMCwidXBkYXRlIjoxODAwMDAwMDAwMDAwfX0=",
          "dependencies": [
            "module.network.azurerm_subnet.network_subnets",
            "module.network.azurerm_virtual_network.virtual_network",
            "module.resourcegroup.azurerm_resource_group.appgrp"
          ]
        },
        {
          "index_key": "videos-interface-01",
          "schema_version": 0,
          "attributes": {
            "accelerated_networking_enabled": false,
            "applied_dns_servers": [],
            "auxiliary_mode": "",
            "auxiliary_sku": "",
            "dns_servers": [],
            "edge_zone": "",
            "id": "/subscriptions/2ab4f266-3113-46c7-9a11-16bcb8ae5659/resourceGroups/app-grp/providers/Microsoft.Network/networkInterfaces/videos-interface-01",
            "internal_dns_name_label": "",
            "internal_domain_name_suffix": "uipyatgct2junaj43hhzxauwbg.zx.internal.cloudapp.net",
            "ip_configuration": [
              {
                "gateway_load_balancer_frontend_ip_configuration_id": "",
                "name": "internal",
                "primary": true,
                "private_ip_address": "10.0.1.4",
                "private_ip_address_allocation": "Dynamic",
                "private_ip_address_version": "IPv4",
                "public_ip_address_id": "",
                "subnet_id": "/subscriptions/2ab4f266-3113-46c7-9a11-16bcb8ae5659/resourceGroups/app-grp/providers/Microsoft.Network/virtualNetworks/app01-network/subnets/videossubnet"
              }
            ],
            "ip_forwarding_enabled": false,
            "location": "uksouth",
            "mac_address": "00-22-48-40-88-7A",
            "name": "videos-interface-01",
            "private_ip_address": "10.0.1.4",
            "private_ip_addresses": [
              "10.0.1.4"
            ],
            "resource_group_name": "app-grp",
            "tags": {},
            "timeouts": null,
            "virtual_machine_id": "/subscriptions/2ab4f266-3113-46c7-9a11-16bcb8ae5659/resourceGroups/app-grp/providers/Microsoft.Compute/virtualMachines/videosvm01"
          },
          "sensitive_attributes": [],
          "identity_schema_version": 0,
          "private": "eyJlMmJmYjczMC1lY2FhLTExZTYtOGY4OC0zNDM2M2JjN2M0YzAiOnsiY3JlYXRlIjoxODAwMDAwMDAwMDAwLCJkZWxldGUiOjE4MDAwMDAwMDAwMDAsInJlYWQiOjMwMDAwMDAwMDAwMCwidXBkYXRlIjoxODAwMDAwMDAwMDAwfX0=",
          "dependencies": [
            "module.network.azurerm_subnet.network_subnets",
            "module.network.azurerm_virtual_network.virtual_network",
            "module.resourcegroup.azurerm_resource_group.appgrp"
          ]
        }
      ]
    },
    {
      "module": "module.network",
      "mode": "managed",
      "type": "azurerm_network_security_group",
      "name": "network_security_group",
      "provider": "provider[\"registry.terraform.io/hashicorp/azurerm\"]",
      "instances": [
        {
          "index_key": "images",
          "schema_version": 0,
          "attributes": {
            "id": "/subscriptions/2ab4f266-3113-46c7-9a11-16bcb8ae5659/resourceGroups/app-grp/providers/Microsoft.Network/networkSecurityGroups/imagesnetwork-nsg",
            "location": "uksouth",
            "name": "imagesnetwork-nsg",
            "resource_group_name": "app-grp",
            "security_rule": [
              {
                "access": "Allow",
                "description": "",
                "destination_address_prefix": "*",
                "destination_address_prefixes": [],
                "destination_application_security_group_ids": [],
                "destination_port_range": "22",
                "destination_port_ranges": [],
                "direction": "Inbound",
                "name": "Allow-22",
                "priority": 300,
                "protocol": "Tcp",
                "source_address_prefix": "*",
                "source_address_prefixes": [],
                "source_application_security_group_ids": [],
                "source_port_range": "*",
                "source_port_ranges": []
              },
              {
                "access": "Allow",
                "description": "",
                "destination_address_prefix": "*",
                "destination_address_prefixes": [],
                "destination_application_security_group_ids": [],
                "destination_port_range": "80",
                "destination_port_ranges": [],
                "direction": "Inbound",
                "name": "Allow-80",
                "priority": 310,
                "protocol": "Tcp",
                "source_address_prefix": "*",
                "source_address_prefixes": [],
                "source_application_security_group_ids": [],
                "source_port_range": "*",
                "source_port_ranges": []
              }
            ],
            "tags": {},
            "timeouts": null
          },
          "sensitive_attributes": [],
          "identity_schema_version": 0,
          "private": "eyJlMmJmYjczMC1lY2FhLTExZTYtOGY4OC0zNDM2M2JjN2M0YzAiOnsiY3JlYXRlIjoxODAwMDAwMDAwMDAwLCJkZWxldGUiOjE4MDAwMDAwMDAwMDAsInJlYWQiOjMwMDAwMDAwMDAwMCwidXBkYXRlIjoxODAwMDAwMDAwMDAwfX0=",
          "dependencies": [
            "module.resourcegroup.azurerm_resource_group.appgrp"
          ]
        },
        {
          "index_key": "videos",
          "schema_version": 0,
          "attributes": {
            "id": "/subscriptions/2ab4f266-3113-46c7-9a11-16bcb8ae5659/resourceGroups/app-grp/providers/Microsoft.Network/networkSecurityGroups/videosnetwork-nsg",
            "location": "uksouth",
            "name": "videosnetwork-nsg",
            "resource_group_name": "app-grp",
            "security_rule": [
              {
                "access": "Allow",
                "description": "",
                "destination_address_prefix": "*",
                "destination_address_prefixes": [],
                "destination_application_security_group_ids": [],
                "destination_port_range": "22",
                "destination_port_ranges": [],
                "direction": "Inbound",
                "name": "Allow-22",
                "priority": 300,
                "protocol": "Tcp",
                "source_address_prefix": "*",
                "source_address_prefixes": [],
                "source_application_security_group_ids": [],
                "source_port_range": "*",
                "source_port_ranges": []
              },
              {
                "access": "Allow",
                "description": "",
                "destination_address_prefix": "*",
                "destination_address_prefixes": [],
                "destination_application_security_group_ids": [],
                "destination_port_range": "80",
                "destination_port_ranges": [],
                "direction": "Inbound",
                "name": "Allow-80",
                "priority": 310,
                "protocol": "Tcp",
                "source_address_prefix": "*",
                "source_address_prefixes": [],
                "source_application_security_group_ids": [],
                "source_port_range": "*",
                "source_port_ranges": []
              }
            ],
            "tags": {},
            "timeouts": null
          },
          "sensitive_attributes": [],
          "identity_schema_version": 0,
          "private": "eyJlMmJmYjczMC1lY2FhLTExZTYtOGY4OC0zNDM2M2JjN2M0YzAiOnsiY3JlYXRlIjoxODAwMDAwMDAwMDAwLCJkZWxldGUiOjE4MDAwMDAwMDAwMDAsInJlYWQiOjMwMDAwMDAwMDAwMCwidXBkYXRlIjoxODAwMDAwMDAwMDAwfX0=",
          "dependencies": [
            "module.resourcegroup.azurerm_resource_group.appgrp"
          ]
        }
      ]
    },
    {
      "module": "module.network",
      "mode": "managed",
      "type": "azurerm_subnet",
      "name": "network_subnets",
      "provider": "provider[\"registry.terraform.io/hashicorp/azurerm\"]",
      "instances": [
        {
          "index_key": "images",
          "schema_version": 0,
          "attributes": {
            "address_prefixes": [
              "10.0.0.0/24"
            ],
            "default_outbound_access_enabled": true,
            "delegation": [],
            "id": "/subscriptions/2ab4f266-3113-46c7-9a11-16bcb8ae5659/resourceGroups/app-grp/providers/Microsoft.Network/virtualNetworks/app01-network/subnets/imagessubnet",
            "name": "imagessubnet",
            "private_endpoint_network_policies": "Disabled",
            "private_link_service_network_policies_enabled": true,
            "resource_group_name": "app-grp",
            "service_endpoint_policy_ids": [],
            "service_endpoints": [],
            "timeouts": null,
            "virtual_network_name": "app01-network"
          },
          "sensitive_attributes": [],
          "identity_schema_version": 0,
          "private": "eyJlMmJmYjczMC1lY2FhLTExZTYtOGY4OC0zNDM2M2JjN2M0YzAiOnsiY3JlYXRlIjoxODAwMDAwMDAwMDAwLCJkZWxldGUiOjE4MDAwMDAwMDAwMDAsInJlYWQiOjMwMDAwMDAwMDAwMCwidXBkYXRlIjoxODAwMDAwMDAwMDAwfX0=",
          "dependencies": [
            "module.network.azurerm_virtual_network.virtual_network",
            "module.resourcegroup.azurerm_resource_group.appgrp"
          ]
        },
        {
          "index_key": "videos",
          "schema_version": 0,
          "attributes": {
            "address_prefixes": [
              "10.0.1.0/24"
            ],
            "default_outbound_access_enabled": true,
            "delegation": [],
            "id": "/subscriptions/2ab4f266-3113-46c7-9a11-16bcb8ae5659/resourceGroups/app-grp/providers/Microsoft.Network/virtualNetworks/app01-network/subnets/videossubnet",
            "name": "videossubnet",
            "private_endpoint_network_policies": "Disabled",
            "private_link_service_network_policies_enabled": true,
            "resource_group_name": "app-grp",
            "service_endpoint_policy_ids": [],
            "service_endpoints": [],
            "timeouts": null,
            "virtual_network_name": "app01-network"
          },
          "sensitive_attributes": [],
          "identity_schema_version": 0,
          "private": "eyJlMmJmYjczMC1lY2FhLTExZTYtOGY4OC0zNDM2M2JjN2M0YzAiOnsiY3JlYXRlIjoxODAwMDAwMDAwMDAwLCJkZWxldGUiOjE4MDAwMDAwMDAwMDAsInJlYWQiOjMwMDAwMDAwMDAwMCwidXBkYXRlIjoxODAwMDAwMDAwMDAwfX0=",
          "dependencies": [
            "module.network.azurerm_virtual_network.virtual_network",
            "module.resourcegroup.azurerm_resource_group.appgrp"
          ]
        }
      ]
    },
    {
      "module": "module.network",
      "mode": "managed",
      "type": "azurerm_subnet_network_security_group_association",
      "name": "subnet_nsg",
      "provider": "provider[\"registry.terraform.io/hashicorp/azurerm\"]",
      "instances": [
        {
          "index_key": "images",
          "schema_version": 0,
          "attributes": {
            "id": "/subscriptions/2ab4f266-3113-46c7-9a11-16bcb8ae5659/resourceGroups/app-grp/providers/Microsoft.Network/virtualNetworks/app01-network/subnets/imagessubnet",
            "network_security_group_id": "/subscriptions/2ab4f266-3113-46c7-9a11-16bcb8ae5659/resourceGroups/app-grp/providers/Microsoft.Network/networkSecurityGroups/imagesnetwork-nsg",
            "subnet_id": "/subscriptions/2ab4f266-3113-46c7-9a11-16bcb8ae5659/resourceGroups/app-grp/providers/Microsoft.Network/virtualNetworks/app01-network/subnets/imagessubnet",
            "timeouts": null
          },
          "sensitive_attributes": [],
          "identity_schema_version": 0,
          "private": "eyJlMmJmYjczMC1lY2FhLTExZTYtOGY4OC0zNDM2M2JjN2M0YzAiOnsiY3JlYXRlIjoxODAwMDAwMDAwMDAwLCJkZWxldGUiOjE4MDAwMDAwMDAwMDAsInJlYWQiOjMwMDAwMDAwMDAwMH19",
          "dependencies": [
            "module.network.azurerm_network_security_group.network_security_group",
            "module.network.azurerm_subnet.network_subnets",
            "module.network.azurerm_virtual_network.virtual_network",
            "module.resourcegroup.azurerm_resource_group.appgrp"
          ]
        },
        {
          "index_key": "videos",
          "schema_version": 0,
          "attributes": {
            "id": "/subscriptions/2ab4f266-3113-46c7-9a11-16bcb8ae5659/resourceGroups/app-grp/providers/Microsoft.Network/virtualNetworks/app01-network/subnets/videossubnet",
            "network_security_group_id": "/subscriptions/2ab4f266-3113-46c7-9a11-16bcb8ae5659/resourceGroups/app-grp/providers/Microsoft.Network/networkSecurityGroups/videosnetwork-nsg",
            "subnet_id": "/subscriptions/2ab4f266-3113-46c7-9a11-16bcb8ae5659/resourceGroups/app-grp/providers/Microsoft.Network/virtualNetworks/app01-network/subnets/videossubnet",
            "timeouts": null
          },
          "sensitive_attributes": [],
          "identity_schema_version": 0,
          "private": "eyJlMmJmYjczMC1lY2FhLTExZTYtOGY4OC0zNDM2M2JjN2M0YzAiOnsiY3JlYXRlIjoxODAwMDAwMDAwMDAwLCJkZWxldGUiOjE4MDAwMDAwMDAwMDAsInJlYWQiOjMwMDAwMDAwMDAwMH19",
          "dependencies": [
            "module.network.azurerm_network_security_group.network_security_group",
            "module.network.azurerm_subnet.network_subnets",
            "module.network.azurerm_virtual_network.virtual_network",
            "module.resourcegroup.azurerm_resource_group.appgrp"
          ]
        }
      ]
    },
    {
      "module": "module.network",
      "mode": "managed",
      "type": "azurerm_virtual_network",
      "name": "virtual_network",
      "provider": "provider[\"registry.terraform.io/hashicorp/azurerm\"]",
      "instances": [
        {
          "index_key": "app01-network",
          "schema_version": 0,
          "attributes": {
            "address_space": [
              "10.0.0.0/16"
            ],
            "bgp_community": "",
            "ddos_protection_plan": [],
            "dns_servers": [],
            "edge_zone": "",
            "encryption": [],
            "flow_timeout_in_minutes": 0,
            "guid": "4c801fa2-9fc2-4613-813e-e9cf9b82960e",
            "id": "/subscriptions/2ab4f266-3113-46c7-9a11-16bcb8ae5659/resourceGroups/app-grp/providers/Microsoft.Network/virtualNetworks/app01-network",
            "location": "uksouth",
            "name": "app01-network",
            "resource_group_name": "app-grp",
            "subnet": [
              {
                "address_prefixes": [
                  "10.0.0.0/24"
                ],
                "default_outbound_access_enabled": true,
                "delegation": [],
                "id": "/subscriptions/2ab4f266-3113-46c7-9a11-16bcb8ae5659/resourceGroups/app-grp/providers/Microsoft.Network/virtualNetworks/app01-network/subnets/imagessubnet",
                "name": "imagessubnet",
                "private_endpoint_network_policies": "Disabled",
                "private_link_service_network_policies_enabled": true,
                "route_table_id": "",
                "security_group": "/subscriptions/2ab4f266-3113-46c7-9a11-16bcb8ae5659/resourceGroups/app-grp/providers/Microsoft.Network/networkSecurityGroups/imagesnetwork-nsg",
                "service_endpoint_policy_ids": [],
                "service_endpoints": []
              },
              {
                "address_prefixes": [
                  "10.0.1.0/24"
                ],
                "default_outbound_access_enabled": true,
                "delegation": [],
                "id": "/subscriptions/2ab4f266-3113-46c7-9a11-16bcb8ae5659/resourceGroups/app-grp/providers/Microsoft.Network/virtualNetworks/app01-network/subnets/videossubnet",
                "name": "videossubnet",
                "private_endpoint_network_policies": "Disabled",
                "private_link_service_network_policies_enabled": true,
                "route_table_id": "",
                "security_group": "/subscriptions/2ab4f266-3113-46c7-9a11-16bcb8ae5659/resourceGroups/app-grp/providers/Microsoft.Network/networkSecurityGroups/videosnetwork-nsg",
                "service_endpoint_policy_ids": [],
                "service_endpoints": []
              },
              {
                "address_prefixes": [
                  "10.0.10.0/24"
                ],
                "default_outbound_access_enabled": true,
                "delegation": [],
                "id": "/subscriptions/2ab4f266-3113-46c7-9a11-16bcb8ae5659/resourceGroups/app-grp/providers/Microsoft.Network/virtualNetworks/app01-network/subnets/app-gatewaysubnet",
                "name": "app-gatewaysubnet",
                "private_endpoint_network_policies": "Disabled",
                "private_link_service_network_policies_enabled": true,
                "route_table_id": "",
                "security_group": "",
                "service_endpoint_policy_ids": [],
                "service_endpoints": []
              }
            ],
            "tags": {},
            "timeouts": null
          },
          "sensitive_attributes": [],
          "identity_schema_version": 0,
          "private": "eyJlMmJmYjczMC1lY2FhLTExZTYtOGY4OC0zNDM2M2JjN2M0YzAiOnsiY3JlYXRlIjoxODAwMDAwMDAwMDAwLCJkZWxldGUiOjE4MDAwMDAwMDAwMDAsInJlYWQiOjMwMDAwMDAwMDAwMCwidXBkYXRlIjoxODAwMDAwMDAwMDAwfX0=",
          "dependencies": [
            "module.resourcegroup.azurerm_resource_group.appgrp"
          ]
        }
      ]
    },
    {
      "module": "module.resourcegroup",
      "mode": "managed",
      "type": "azurerm_resource_group",
      "name": "appgrp",
      "provider": "provider[\"registry.terraform.io/hashicorp/azurerm\"]",
      "instances": [
        {
          "schema_version": 0,
          "attributes": {
            "id": "/subscriptions/2ab4f266-3113-46c7-9a11-16bcb8ae5659/resourceGroups/app-grp",
            "location": "uksouth",
            "managed_by": "",
            "name": "app-grp",
            "tags": {},
            "timeouts": null
          },
          "sensitive_attributes": [],
          "identity_schema_version": 0,
          "private": "eyJlMmJmYjczMC1lY2FhLTExZTYtOGY4OC0zNDM2M2JjN2M0YzAiOnsiY3JlYXRlIjo1NDAwMDAwMDAwMDAwLCJkZWxldGUiOjU0MDAwMDAwMDAwMDAsInJlYWQiOjMwMDAwMDAwMDAwMCwidXBkYXRlIjo1NDAwMDAwMDAwMDAwfX0="
        }
      ]
    }
  ],
  "check_results": null
}
